
Microsoft Visual Studio Solution File, Format Version 12.00
# Visual Studio Version 17
VisualStudioVersion = 17.5.33414.496
MinimumVisualStudioVersion = 10.0.40219.1
Project("{2150E333-8FDC-42A3-9474-1A3956D46DE8}") = "Элементы решения", "Элементы решения", "{3D055658-EF3F-42F5-82AE-4447E6D04520}"
	ProjectSection(SolutionItems) = preProject
		docker-compose.yml = docker-compose.yml
	EndProjectSection
EndProject
Project("{9A19103F-16F7-4668-BE54-9A1E7A4F7556}") = "Library.Domain", "Library.DomainLayer\Library.Domain.csproj", "{889F0BC0-8673-4218-ABEC-F37880D3CC27}"
EndProject
Project("{9A19103F-16F7-4668-BE54-9A1E7A4F7556}") = "Library.Infrastructure", "Library.DataLayer\Library.Infrastructure.csproj", "{6767D4C5-8E45-48AA-8041-29796A15A6DD}"
	ProjectSection(ProjectDependencies) = postProject
		{5763988D-FCE1-47A5-982E-20C9F08B79F8} = {5763988D-FCE1-47A5-982E-20C9F08B79F8}
	EndProjectSection
EndProject
Project("{9A19103F-16F7-4668-BE54-9A1E7A4F7556}") = "Library.Application", "Library.BusinessLayer\Library.Application.csproj", "{5763988D-FCE1-47A5-982E-20C9F08B79F8}"
	ProjectSection(ProjectDependencies) = postProject
		{889F0BC0-8673-4218-ABEC-F37880D3CC27} = {889F0BC0-8673-4218-ABEC-F37880D3CC27}
	EndProjectSection
EndProject
Project("{9A19103F-16F7-4668-BE54-9A1E7A4F7556}") = "Library.Web", "Library.Web\Library.Web.csproj", "{9F84129B-E973-4E2A-9436-BC3E70F168C9}"
EndProject
Global
	GlobalSection(SolutionConfigurationPlatforms) = preSolution
		Debug|Any CPU = Debug|Any CPU
		Release|Any CPU = Release|Any CPU
	EndGlobalSection
	GlobalSection(ProjectConfigurationPlatforms) = postSolution
		{889F0BC0-8673-4218-ABEC-F37880D3CC27}.Debug|Any CPU.ActiveCfg = Debug|Any CPU
		{889F0BC0-8673-4218-ABEC-F37880D3CC27}.Debug|Any CPU.Build.0 = Debug|Any CPU
		{889F0BC0-8673-4218-ABEC-F37880D3CC27}.Release|Any CPU.ActiveCfg = Release|Any CPU
		{889F0BC0-8673-4218-ABEC-F37880D3CC27}.Release|Any CPU.Build.0 = Release|Any CPU
		{6767D4C5-8E45-48AA-8041-29796A15A6DD}.Debug|Any CPU.ActiveCfg = Debug|Any CPU
		{6767D4C5-8E45-48AA-8041-29796A15A6DD}.Debug|Any CPU.Build.0 = Debug|Any CPU
		{6767D4C5-8E45-48AA-8041-29796A15A6DD}.Release|Any CPU.ActiveCfg = Release|Any CPU
		{6767D4C5-8E45-48AA-8041-29796A15A6DD}.Release|Any CPU.Build.0 = Release|Any CPU
		{5763988D-FCE1-47A5-982E-20C9F08B79F8}.Debug|Any CPU.ActiveCfg = Debug|Any CPU
		{5763988D-FCE1-47A5-982E-20C9F08B79F8}.Debug|Any CPU.Build.0 = Debug|Any CPU
		{5763988D-FCE1-47A5-982E-20C9F08B79F8}.Release|Any CPU.ActiveCfg = Release|Any CPU
		{5763988D-FCE1-47A5-982E-20C9F08B79F8}.Release|Any CPU.Build.0 = Release|Any CPU
		{9F84129B-E973-4E2A-9436-BC3E70F168C9}.Debug|Any CPU.ActiveCfg = Debug|Any CPU
		{9F84129B-E973-4E2A-9436-BC3E70F168C9}.Debug|Any CPU.Build.0 = Debug|Any CPU
		{9F84129B-E973-4E2A-9436-BC3E70F168C9}.Release|Any CPU.ActiveCfg = Release|Any CPU
		{9F84129B-E973-4E2A-9436-BC3E70F168C9}.Release|Any CPU.Build.0 = Release|Any CPU
	EndGlobalSection
	GlobalSection(SolutionProperties) = preSolution
		HideSolutionNode = FALSE
	EndGlobalSection
	GlobalSection(ExtensibilityGlobals) = postSolution
		SolutionGuid = {453D7982-F910-4CA0-A151-72FCAB6680E6}
	EndGlobalSection
EndGlobal
